
Microsoft Visual Studio Solution File, Format Version 12.00
# Visual Studio 15
VisualStudioVersion = 15.0.28307.168
MinimumVisualStudioVersion = 10.0.40219.1
Project("{FAE04EC0-301F-11D3-BF4B-00C04F79EFBC}") = "OrdenacaoAPS", "OrdenacaoAPS\OrdenacaoAPS.csproj", "{3FC8B705-DC6D-4947-BB58-3C183289E95B}"
EndProject
Global
	GlobalSection(SolutionConfigurationPlatforms) = preSolution
		Debug|Any CPU = Debug|Any CPU
		Release|Any CPU = Release|Any CPU
	EndGlobalSection
	GlobalSection(ProjectConfigurationPlatforms) = postSolution
		{3FC8B705-DC6D-4947-BB58-3C183289E95B}.Debug|Any CPU.ActiveCfg = Debug|Any CPU
		{3FC8B705-DC6D-4947-BB58-3C183289E95B}.Debug|Any CPU.Build.0 = Debug|Any CPU
		{3FC8B705-DC6D-4947-BB58-3C183289E95B}.Release|Any CPU.ActiveCfg = Release|Any CPU
		{3FC8B705-DC6D-4947-BB58-3C183289E95B}.Release|Any CPU.Build.0 = Release|Any CPU
	EndGlobalSection
	GlobalSection(SolutionProperties) = preSolution
		HideSolutionNode = FALSE
	EndGlobalSection
	GlobalSection(ExtensibilityGlobals) = postSolution
		SolutionGuid = {A5DBDE30-F543-402E-ACC2-DC97DA84E440}
	EndGlobalSection
EndGlobal
